<Solution>
  <Project Path="Flexybook/Flexybook.csproj" />
  <Project Path="Flexybook.AplicationService.Tests/Flexybook.AplicationService.Tests.csproj" Id="c81168e6-7371-4430-a8f8-1aedfb15abfe" />
  <Project Path="Flexybook.ApplicationService/Flexybook.ApplicationService.csproj" Id="824bc1a5-02fc-418a-b0e5-9dd658b20df5" />
  <Project Path="Flexybook.Domain/Flexybook.Domain.csproj" Id="5e1c9f96-efda-4a0c-b4bc-85e1bf8aab39" />
  <Project Path="Flexybook.Infrastructure.Tests/Flexybook.Infrastructure.Tests.csproj" Id="5f176d52-088b-49f7-99de-9fd805a79ac9" />
  <Project Path="Flexybook.Infrastructure/Flexybook.Infrastructure.csproj" Id="e4d9a705-9776-4011-a609-7be8bb02fe4d" />
</Solution>
